
Microsoft Visual Studio Solution File, Format Version 12.00
# Visual Studio Version 17
VisualStudioVersion = 17.8.34309.116
MinimumVisualStudioVersion = 10.0.40219.1
Project("{9A19103F-16F7-4668-BE54-9A1E7A4F7556}") = "Web", "Web\Web.csproj", "{827A0626-1A7B-4965-9B67-1022E3B6C14A}"
EndProject
Project("{9A19103F-16F7-4668-BE54-9A1E7A4F7556}") = "Data", "Data\Data.csproj", "{AF68CC2F-7E8F-45D5-BE5F-B4722B41851C}"
EndProject
Project("{9A19103F-16F7-4668-BE54-9A1E7A4F7556}") = "Api", "Api\Api.csproj", "{30D0DF47-1DE9-4166-AA83-D3A8072D7CEA}"
EndProject
Project("{9A19103F-16F7-4668-BE54-9A1E7A4F7556}") = "Business", "Business\Business.csproj", "{A853D9F9-06B3-4B0C-9ABD-BFB7F9A8324D}"
EndProject
Project("{9A19103F-16F7-4668-BE54-9A1E7A4F7556}") = "Models", "Models\Models.csproj", "{3F150F07-87A1-43DA-94BA-F118D6DAA96B}"
EndProject
Project("{FAE04EC0-301F-11D3-BF4B-00C04F79EFBC}") = "Business.Abstractions", "Business.Abstractions\Business.Abstractions.csproj", "{6F7F9EFA-AC31-4B04-BDE0-E687EA5D5773}"
EndProject
Global
	GlobalSection(SolutionConfigurationPlatforms) = preSolution
		Debug|Any CPU = Debug|Any CPU
		Release|Any CPU = Release|Any CPU
	EndGlobalSection
	GlobalSection(ProjectConfigurationPlatforms) = postSolution
		{827A0626-1A7B-4965-9B67-1022E3B6C14A}.Debug|Any CPU.ActiveCfg = Debug|Any CPU
		{827A0626-1A7B-4965-9B67-1022E3B6C14A}.Debug|Any CPU.Build.0 = Debug|Any CPU
		{827A0626-1A7B-4965-9B67-1022E3B6C14A}.Release|Any CPU.ActiveCfg = Release|Any CPU
		{827A0626-1A7B-4965-9B67-1022E3B6C14A}.Release|Any CPU.Build.0 = Release|Any CPU
		{AF68CC2F-7E8F-45D5-BE5F-B4722B41851C}.Debug|Any CPU.ActiveCfg = Debug|Any CPU
		{AF68CC2F-7E8F-45D5-BE5F-B4722B41851C}.Debug|Any CPU.Build.0 = Debug|Any CPU
		{AF68CC2F-7E8F-45D5-BE5F-B4722B41851C}.Release|Any CPU.ActiveCfg = Release|Any CPU
		{AF68CC2F-7E8F-45D5-BE5F-B4722B41851C}.Release|Any CPU.Build.0 = Release|Any CPU
		{30D0DF47-1DE9-4166-AA83-D3A8072D7CEA}.Debug|Any CPU.ActiveCfg = Debug|Any CPU
		{30D0DF47-1DE9-4166-AA83-D3A8072D7CEA}.Debug|Any CPU.Build.0 = Debug|Any CPU
		{30D0DF47-1DE9-4166-AA83-D3A8072D7CEA}.Release|Any CPU.ActiveCfg = Release|Any CPU
		{30D0DF47-1DE9-4166-AA83-D3A8072D7CEA}.Release|Any CPU.Build.0 = Release|Any CPU
		{A853D9F9-06B3-4B0C-9ABD-BFB7F9A8324D}.Debug|Any CPU.ActiveCfg = Debug|Any CPU
		{A853D9F9-06B3-4B0C-9ABD-BFB7F9A8324D}.Debug|Any CPU.Build.0 = Debug|Any CPU
		{A853D9F9-06B3-4B0C-9ABD-BFB7F9A8324D}.Release|Any CPU.ActiveCfg = Release|Any CPU
		{A853D9F9-06B3-4B0C-9ABD-BFB7F9A8324D}.Release|Any CPU.Build.0 = Release|Any CPU
		{3F150F07-87A1-43DA-94BA-F118D6DAA96B}.Debug|Any CPU.ActiveCfg = Debug|Any CPU
		{3F150F07-87A1-43DA-94BA-F118D6DAA96B}.Debug|Any CPU.Build.0 = Debug|Any CPU
		{3F150F07-87A1-43DA-94BA-F118D6DAA96B}.Release|Any CPU.ActiveCfg = Release|Any CPU
		{3F150F07-87A1-43DA-94BA-F118D6DAA96B}.Release|Any CPU.Build.0 = Release|Any CPU
		{6F7F9EFA-AC31-4B04-BDE0-E687EA5D5773}.Debug|Any CPU.ActiveCfg = Debug|Any CPU
		{6F7F9EFA-AC31-4B04-BDE0-E687EA5D5773}.Debug|Any CPU.Build.0 = Debug|Any CPU
		{6F7F9EFA-AC31-4B04-BDE0-E687EA5D5773}.Release|Any CPU.ActiveCfg = Release|Any CPU
		{6F7F9EFA-AC31-4B04-BDE0-E687EA5D5773}.Release|Any CPU.Build.0 = Release|Any CPU
	EndGlobalSection
	GlobalSection(SolutionProperties) = preSolution
		HideSolutionNode = FALSE
	EndGlobalSection
	GlobalSection(ExtensibilityGlobals) = postSolution
		SolutionGuid = {7415750D-725A-4B09-9B8D-3109BDEB8BAB}
	EndGlobalSection
EndGlobal
